
Microsoft Visual Studio Solution File, Format Version 12.00
# Visual Studio 2013
VisualStudioVersion = 12.0.21005.1
MinimumVisualStudioVersion = 10.0.40219.1
Project("{8BC9CEB8-8B4A-11D0-8D11-00A0C91BC942}") = "tinyxml_lib", "tinyxml_lib\tinyxml_lib.vcxproj", "{91731BF1-8C02-47A1-A379-9920DF19B36E}"
EndProject
Global
	GlobalSection(SolutionConfigurationPlatforms) = preSolution
		Debug|Win32 = Debug|Win32
		Release|Win32 = Release|Win32
	EndGlobalSection
	GlobalSection(ProjectConfigurationPlatforms) = postSolution
		{91731BF1-8C02-47A1-A379-9920DF19B36E}.Debug|Win32.ActiveCfg = Debug|Win32
		{91731BF1-8C02-47A1-A379-9920DF19B36E}.Debug|Win32.Build.0 = Debug|Win32
		{91731BF1-8C02-47A1-A379-9920DF19B36E}.Release|Win32.ActiveCfg = Release|Win32
		{91731BF1-8C02-47A1-A379-9920DF19B36E}.Release|Win32.Build.0 = Release|Win32
	EndGlobalSection
	GlobalSection(SolutionProperties) = preSolution
		HideSolutionNode = FALSE
	EndGlobalSection
EndGlobal
